{
  "version": 4,
  "terraform_version": "1.3.6",
  "serial": 30,
  "lineage": "35e64339-f016-ae6f-fc08-ebabc2b1cfb3",
  "outputs": {},
  "resources": [
    {
      "mode": "managed",
      "type": "github_branch",
      "name": "development",
      "provider": "provider[\"registry.terraform.io/hashicorp/github\"]",
      "instances": [
        {
          "schema_version": 0,
          "attributes": {
            "branch": "development",
            "etag": "W/\"6dde1f35c33a02327900a0a954ec7cbb2bdf666754c693754d6403d1d83490ca\"",
            "id": "terraform-example-repo:development",
            "ref": "refs/heads/development",
            "repository": "terraform-example-repo",
            "sha": "535b34ebeb8094d0708400b1a42d4eb9143497f8",
            "source_branch": "main",
            "source_sha": "535b34ebeb8094d0708400b1a42d4eb9143497f8"
          },
          "sensitive_attributes": [],
          "private": "bnVsbA==",
          "dependencies": [
            "github_repository.terraform-repo"
          ]
        }
      ]
    },
    {
      "mode": "managed",
      "type": "github_branch",
      "name": "release",
      "provider": "provider[\"registry.terraform.io/hashicorp/github\"]",
      "instances": [
        {
          "schema_version": 0,
          "attributes": {
            "branch": "release",
            "etag": "W/\"6578cb3642ad2f3936299e252693ed4d38551e187d02b93d9bef11e8fdbeda05\"",
            "id": "terraform-example-repo:release",
            "ref": "refs/heads/release",
            "repository": "terraform-example-repo",
            "sha": "535b34ebeb8094d0708400b1a42d4eb9143497f8",
            "source_branch": "main",
            "source_sha": "535b34ebeb8094d0708400b1a42d4eb9143497f8"
          },
          "sensitive_attributes": [],
          "private": "bnVsbA==",
          "dependencies": [
            "github_repository.terraform-repo"
          ]
        }
      ]
    },
    {
      "mode": "managed",
      "type": "github_repository",
      "name": "terraform-repo",
      "provider": "provider[\"registry.terraform.io/hashicorp/github\"]",
      "instances": [
        {
          "schema_version": 1,
          "attributes": {
            "allow_auto_merge": false,
            "allow_merge_commit": true,
            "allow_rebase_merge": true,
            "allow_squash_merge": true,
            "allow_update_branch": false,
            "archive_on_destroy": null,
            "archived": false,
            "auto_init": true,
            "default_branch": "main",
            "delete_branch_on_merge": false,
            "description": "This repository contents terraform examples",
            "etag": "W/\"4a1ad784b3043206a33c8dfa7eedd148736073ba2274bdee09c72830b6782e11\"",
            "full_name": "pintulohargcetts/terraform-example-repo",
            "git_clone_url": "git://github.com/pintulohargcetts/terraform-example-repo.git",
            "gitignore_template": null,
            "has_downloads": false,
            "has_issues": false,
            "has_projects": false,
            "has_wiki": false,
            "homepage_url": "",
            "html_url": "https://github.com/pintulohargcetts/terraform-example-repo",
            "http_clone_url": "https://github.com/pintulohargcetts/terraform-example-repo.git",
            "id": "terraform-example-repo",
            "ignore_vulnerability_alerts_during_read": null,
            "is_template": false,
            "license_template": null,
            "merge_commit_message": "PR_TITLE",
            "merge_commit_title": "MERGE_MESSAGE",
            "name": "terraform-example-repo",
            "node_id": "R_kgDOIw0OsA",
            "pages": [],
            "private": true,
            "repo_id": 588058288,
            "security_and_analysis": [],
            "squash_merge_commit_message": "COMMIT_MESSAGES",
            "squash_merge_commit_title": "COMMIT_OR_PR_TITLE",
            "ssh_clone_url": "git@github.com:pintulohargcetts/terraform-example-repo.git",
            "svn_url": "https://github.com/pintulohargcetts/terraform-example-repo",
            "template": [],
            "topics": null,
            "visibility": "private",
            "vulnerability_alerts": false
          },
          "sensitive_attributes": [],
          "private": "eyJzY2hlbWFfdmVyc2lvbiI6IjEifQ=="
        }
      ]
    }
  ],
  "check_results": null
}
